
Microsoft Visual Studio Solution File, Format Version 12.00
Project("{FAE04EC0-301F-11D3-BF4B-00C04F79EFBC}") = "JIssueSystem.NET", "JIssueSystem.NET.csproj", "{EC61C995-5B0B-409A-9897-0A3A87F80457}"
EndProject
Global
	GlobalSection(SolutionConfigurationPlatforms) = preSolution
		Debug|Any CPU = Debug|Any CPU
		Release|Any CPU = Release|Any CPU
	EndGlobalSection
	GlobalSection(ProjectConfigurationPlatforms) = postSolution
		{EC61C995-5B0B-409A-9897-0A3A87F80457}.Debug|Any CPU.ActiveCfg = Debug|Any CPU
		{EC61C995-5B0B-409A-9897-0A3A87F80457}.Debug|Any CPU.Build.0 = Debug|Any CPU
		{EC61C995-5B0B-409A-9897-0A3A87F80457}.Release|Any CPU.ActiveCfg = Release|Any CPU
		{EC61C995-5B0B-409A-9897-0A3A87F80457}.Release|Any CPU.Build.0 = Release|Any CPU
	EndGlobalSection
EndGlobal
